PODS:
  - DTZFloatingActionButton (0.2.0)

DEPENDENCIES:
  - DTZFloatingActionButton (from `../`)

EXTERNAL SOURCES:
  DTZFloatingActionButton:
    :path: "../"

SPEC CHECKSUMS:
  DTZFloatingActionButton: fe83183266de20923d72e6181cc1d2f4ef9a7138

PODFILE CHECKSUM: a561ceed505201168639618728512639f8d9edcc

COCOAPODS: 1.2.0
